{
  "nodes": {
    "clnix": {
      "inputs": {
        "flake-utils": "flake-utils",
        "nixpkgs": [
          "nixpkgs"
        ]
      },
      "locked": {
        "lastModified": 1744468380,
        "narHash": "sha256-L5wiHX0GmtiDOBNTeu2ktS1dvxKiisK8kLYeQu8bejM=",
        "owner": "~remexre",
        "repo": "clnix",
        "rev": "705b49d3ecdd92cf7e3e62aa24432ed4b02e70f7",
        "type": "sourcehut"
      },
      "original": {
        "owner": "~remexre",
        "repo": "clnix",
        "type": "sourcehut"
      }
    },
    "crane": {
      "locked": {
        "lastModified": 1750266157,
        "narHash": "sha256-tL42YoNg9y30u7zAqtoGDNdTyXTi8EALDeCB13FtbQA=",
        "owner": "ipetkov",
        "repo": "crane",
        "rev": "e37c943371b73ed87faf33f7583860f81f1d5a48",
        "type": "github"
      },
      "original": {
        "owner": "ipetkov",
        "repo": "crane",
        "type": "github"
      }
    },
    "fenix": {
      "inputs": {
        "nixpkgs": [
          "nixpkgs"
        ],
        "rust-analyzer-src": []
      },
      "locked": {
        "lastModified": 1750920257,
        "narHash": "sha256-DOBBWnbvOPYdTgf8LZQ3ZVkkXZ6wZYDYNe1MNclULww=",
        "owner": "nix-community",
        "repo": "fenix",
        "rev": "5bb38984af310c7922e33f88bcbc2dbd1ad3c736",
        "type": "github"
      },
      "original": {
        "owner": "nix-community",
        "repo": "fenix",
        "type": "github"
      }
    },
    "flake-parts": {
      "inputs": {
        "nixpkgs-lib": "nixpkgs-lib"
      },
      "locked": {
        "lastModified": 1749398372,
        "narHash": "sha256-tYBdgS56eXYaWVW3fsnPQ/nFlgWi/Z2Ymhyu21zVM98=",
        "owner": "hercules-ci",
        "repo": "flake-parts",
        "rev": "9305fe4e5c2a6fcf5ba6a3ff155720fbe4076569",
        "type": "github"
      },
      "original": {
        "owner": "hercules-ci",
        "repo": "flake-parts",
        "type": "github"
      }
    },
    "flake-utils": {
      "inputs": {
        "systems": "systems"
      },
      "locked": {
        "lastModified": 1694529238,
        "narHash": "sha256-zsNZZGTGnMOf9YpHKJqMSsa0dXbfmxeoJ7xHlrt+xmY=",
        "owner": "numtide",
        "repo": "flake-utils",
        "rev": "ff7b65b44d01cf9ba6a71320833626af21126384",
        "type": "github"
      },
      "original": {
        "id": "flake-utils",
        "type": "indirect"
      }
    },
    "nixpkgs": {
      "locked": {
        "lastModified": 1752349884,
        "narHash": "sha256-YMeUHaKYsV1hsjkSjpQVP+p9RpZHiVpBp9l3kIkudIE=",
        "owner": "NixOS",
        "repo": "nixpkgs",
        "rev": "99afe02b71f3a4146e6faa4bcdde613045d15cc3",
        "type": "github"
      },
      "original": {
        "owner": "NixOS",
        "repo": "nixpkgs",
        "type": "github"
      }
    },
    "nixpkgs-lib": {
      "locked": {
        "lastModified": 1748740939,
        "narHash": "sha256-rQaysilft1aVMwF14xIdGS3sj1yHlI6oKQNBRTF40cc=",
        "owner": "nix-community",
        "repo": "nixpkgs.lib",
        "rev": "656a64127e9d791a334452c6b6606d17539476e2",
        "type": "github"
      },
      "original": {
        "owner": "nix-community",
        "repo": "nixpkgs.lib",
        "type": "github"
      }
    },
    "root": {
      "inputs": {
        "clnix": "clnix",
        "crane": "crane",
        "fenix": "fenix",
        "flake-parts": "flake-parts",
        "nixpkgs": "nixpkgs",
        "rust-docs-mcp": "rust-docs-mcp",
        "services-flake": "services-flake"
      }
    },
    "rust-docs-mcp": {
      "inputs": {
        "crane": [
          "crane"
        ],
        "fenix": [
          "fenix"
        ],
        "flake-parts": [
          "flake-parts"
        ],
        "nixpkgs": [
          "nixpkgs"
        ]
      },
      "locked": {
        "lastModified": 1750945852,
        "narHash": "sha256-GvHxilW7JnA6cSICH/TdKYz3ikPr9lBkKQDTulHAjf4=",
        "owner": "snowmead",
        "repo": "rust-docs-mcp",
        "rev": "a41f88ac673f805784de3e5fcb4b8ba12ba4395c",
        "type": "github"
      },
      "original": {
        "owner": "snowmead",
        "repo": "rust-docs-mcp",
        "type": "github"
      }
    },
    "services-flake": {
      "locked": {
        "lastModified": 1750553018,
        "narHash": "sha256-lRrQK08ZrBRRx/SGEgMoqeUx41rqkjGRNDmX1uOoXlo=",
        "owner": "juspay",
        "repo": "services-flake",
        "rev": "b7b0ce658d11a8a6cce00f42ccad20ee39b0d46f",
        "type": "github"
      },
      "original": {
        "owner": "juspay",
        "repo": "services-flake",
        "type": "github"
      }
    },
    "systems": {
      "locked": {
        "lastModified": 1681028828,
        "narHash": "sha256-Vy1rq5AaRuLzOxct8nz4T6wlgyUR7zLU309k9mBC768=",
        "owner": "nix-systems",
        "repo": "default",
        "rev": "da67096a3b9bf56a91d16901293e51ba5b49a27e",
        "type": "github"
      },
      "original": {
        "owner": "nix-systems",
        "repo": "default",
        "type": "github"
      }
    }
  },
  "root": "root",
  "version": 7
}
